
Microsoft Visual Studio Solution File, Format Version 12.00
# Visual Studio 15
VisualStudioVersion = 15.0.26124.0
MinimumVisualStudioVersion = 15.0.26124.0
Project("{FAE04EC0-301F-11D3-BF4B-00C04F79EFBC}") = "Solution", "Solution\Solution.csproj", "{C095F1E5-D3CC-4E57-AACF-0B1E326F7ABA}"
EndProject
Project("{FAE04EC0-301F-11D3-BF4B-00C04F79EFBC}") = "Tests", "Tests\Tests.csproj", "{7BE53355-C0A5-4F9B-9D9F-AB51C46AC299}"
EndProject
Global
	GlobalSection(SolutionConfigurationPlatforms) = preSolution
		Debug|Any CPU = Debug|Any CPU
		Debug|x64 = Debug|x64
		Debug|x86 = Debug|x86
		Release|Any CPU = Release|Any CPU
		Release|x64 = Release|x64
		Release|x86 = Release|x86
	EndGlobalSection
	GlobalSection(SolutionProperties) = preSolution
		HideSolutionNode = FALSE
	EndGlobalSection
	GlobalSection(ProjectConfigurationPlatforms) = postSolution
		{C095F1E5-D3CC-4E57-AACF-0B1E326F7ABA}.Debug|Any CPU.ActiveCfg = Debug|Any CPU
		{C095F1E5-D3CC-4E57-AACF-0B1E326F7ABA}.Debug|Any CPU.Build.0 = Debug|Any CPU
		{C095F1E5-D3CC-4E57-AACF-0B1E326F7ABA}.Debug|x64.ActiveCfg = Debug|Any CPU
		{C095F1E5-D3CC-4E57-AACF-0B1E326F7ABA}.Debug|x64.Build.0 = Debug|Any CPU
		{C095F1E5-D3CC-4E57-AACF-0B1E326F7ABA}.Debug|x86.ActiveCfg = Debug|Any CPU
		{C095F1E5-D3CC-4E57-AACF-0B1E326F7ABA}.Debug|x86.Build.0 = Debug|Any CPU
		{C095F1E5-D3CC-4E57-AACF-0B1E326F7ABA}.Release|Any CPU.ActiveCfg = Release|Any CPU
		{C095F1E5-D3CC-4E57-AACF-0B1E326F7ABA}.Release|Any CPU.Build.0 = Release|Any CPU
		{C095F1E5-D3CC-4E57-AACF-0B1E326F7ABA}.Release|x64.ActiveCfg = Release|Any CPU
		{C095F1E5-D3CC-4E57-AACF-0B1E326F7ABA}.Release|x64.Build.0 = Release|Any CPU
		{C095F1E5-D3CC-4E57-AACF-0B1E326F7ABA}.Release|x86.ActiveCfg = Release|Any CPU
		{C095F1E5-D3CC-4E57-AACF-0B1E326F7ABA}.Release|x86.Build.0 = Release|Any CPU
		{7BE53355-C0A5-4F9B-9D9F-AB51C46AC299}.Debug|Any CPU.ActiveCfg = Debug|Any CPU
		{7BE53355-C0A5-4F9B-9D9F-AB51C46AC299}.Debug|Any CPU.Build.0 = Debug|Any CPU
		{7BE53355-C0A5-4F9B-9D9F-AB51C46AC299}.Debug|x64.ActiveCfg = Debug|Any CPU
		{7BE53355-C0A5-4F9B-9D9F-AB51C46AC299}.Debug|x64.Build.0 = Debug|Any CPU
		{7BE53355-C0A5-4F9B-9D9F-AB51C46AC299}.Debug|x86.ActiveCfg = Debug|Any CPU
		{7BE53355-C0A5-4F9B-9D9F-AB51C46AC299}.Debug|x86.Build.0 = Debug|Any CPU
		{7BE53355-C0A5-4F9B-9D9F-AB51C46AC299}.Release|Any CPU.ActiveCfg = Release|Any CPU
		{7BE53355-C0A5-4F9B-9D9F-AB51C46AC299}.Release|Any CPU.Build.0 = Release|Any CPU
		{7BE53355-C0A5-4F9B-9D9F-AB51C46AC299}.Release|x64.ActiveCfg = Release|Any CPU
		{7BE53355-C0A5-4F9B-9D9F-AB51C46AC299}.Release|x64.Build.0 = Release|Any CPU
		{7BE53355-C0A5-4F9B-9D9F-AB51C46AC299}.Release|x86.ActiveCfg = Release|Any CPU
		{7BE53355-C0A5-4F9B-9D9F-AB51C46AC299}.Release|x86.Build.0 = Release|Any CPU
	EndGlobalSection
EndGlobal
