
Microsoft Visual Studio Solution File, Format Version 12.00
# Visual Studio 15
VisualStudioVersion = 15.0.26124.0
MinimumVisualStudioVersion = 15.0.26124.0
Project("{FAE04EC0-301F-11D3-BF4B-00C04F79EFBC}") = "DI_engine", "DI_engine\DI_engine.csproj", "{BEB2C5B6-DF47-4AF7-A6F4-1D0000AFFE85}"
EndProject
Project("{FAE04EC0-301F-11D3-BF4B-00C04F79EFBC}") = "DI_Tests", "DI_Tests\DI_Tests.csproj", "{6C6522BF-710F-4E92-822A-E2CF34EAD002}"
EndProject
Global
	GlobalSection(SolutionConfigurationPlatforms) = preSolution
		Debug|Any CPU = Debug|Any CPU
		Debug|x64 = Debug|x64
		Debug|x86 = Debug|x86
		Release|Any CPU = Release|Any CPU
		Release|x64 = Release|x64
		Release|x86 = Release|x86
	EndGlobalSection
	GlobalSection(SolutionProperties) = preSolution
		HideSolutionNode = FALSE
	EndGlobalSection
	GlobalSection(ProjectConfigurationPlatforms) = postSolution
		{BEB2C5B6-DF47-4AF7-A6F4-1D0000AFFE85}.Debug|Any CPU.ActiveCfg = Debug|Any CPU
		{BEB2C5B6-DF47-4AF7-A6F4-1D0000AFFE85}.Debug|Any CPU.Build.0 = Debug|Any CPU
		{BEB2C5B6-DF47-4AF7-A6F4-1D0000AFFE85}.Debug|x64.ActiveCfg = Debug|Any CPU
		{BEB2C5B6-DF47-4AF7-A6F4-1D0000AFFE85}.Debug|x64.Build.0 = Debug|Any CPU
		{BEB2C5B6-DF47-4AF7-A6F4-1D0000AFFE85}.Debug|x86.ActiveCfg = Debug|Any CPU
		{BEB2C5B6-DF47-4AF7-A6F4-1D0000AFFE85}.Debug|x86.Build.0 = Debug|Any CPU
		{BEB2C5B6-DF47-4AF7-A6F4-1D0000AFFE85}.Release|Any CPU.ActiveCfg = Release|Any CPU
		{BEB2C5B6-DF47-4AF7-A6F4-1D0000AFFE85}.Release|Any CPU.Build.0 = Release|Any CPU
		{BEB2C5B6-DF47-4AF7-A6F4-1D0000AFFE85}.Release|x64.ActiveCfg = Release|Any CPU
		{BEB2C5B6-DF47-4AF7-A6F4-1D0000AFFE85}.Release|x64.Build.0 = Release|Any CPU
		{BEB2C5B6-DF47-4AF7-A6F4-1D0000AFFE85}.Release|x86.ActiveCfg = Release|Any CPU
		{BEB2C5B6-DF47-4AF7-A6F4-1D0000AFFE85}.Release|x86.Build.0 = Release|Any CPU
		{6C6522BF-710F-4E92-822A-E2CF34EAD002}.Debug|Any CPU.ActiveCfg = Debug|Any CPU
		{6C6522BF-710F-4E92-822A-E2CF34EAD002}.Debug|Any CPU.Build.0 = Debug|Any CPU
		{6C6522BF-710F-4E92-822A-E2CF34EAD002}.Debug|x64.ActiveCfg = Debug|Any CPU
		{6C6522BF-710F-4E92-822A-E2CF34EAD002}.Debug|x64.Build.0 = Debug|Any CPU
		{6C6522BF-710F-4E92-822A-E2CF34EAD002}.Debug|x86.ActiveCfg = Debug|Any CPU
		{6C6522BF-710F-4E92-822A-E2CF34EAD002}.Debug|x86.Build.0 = Debug|Any CPU
		{6C6522BF-710F-4E92-822A-E2CF34EAD002}.Release|Any CPU.ActiveCfg = Release|Any CPU
		{6C6522BF-710F-4E92-822A-E2CF34EAD002}.Release|Any CPU.Build.0 = Release|Any CPU
		{6C6522BF-710F-4E92-822A-E2CF34EAD002}.Release|x64.ActiveCfg = Release|Any CPU
		{6C6522BF-710F-4E92-822A-E2CF34EAD002}.Release|x64.Build.0 = Release|Any CPU
		{6C6522BF-710F-4E92-822A-E2CF34EAD002}.Release|x86.ActiveCfg = Release|Any CPU
		{6C6522BF-710F-4E92-822A-E2CF34EAD002}.Release|x86.Build.0 = Release|Any CPU
	EndGlobalSection
EndGlobal
